version = 1
revision = 3
requires-python = ">=3.14"

[[package]]
name = "altgraph"
version = "0.17.5"
source = { registry = "https://pypi.org/simple" }
sdist = { url = "https://files.pythonhosted.org/packages/7e/f8/97fdf103f38fed6792a1601dbc16cc8aac56e7459a9fff08c812d8ae177a/altgraph-0.17.5.tar.gz", hash = "sha256:c87b395dd12fabde9c99573a9749d67da8d29ef9de0125c7f536699b4a9bc9e7", size = 48428, upload-time = "2025-11-21T20:35:50.583Z" }
wheels = [
    { url = "https://files.pythonhosted.org/packages/a9/ba/000a1996d4308bc65120167c21241a3b205464a2e0b58deda26ae8ac21d1/altgraph-0.17.5-py2.py3-none-any.whl", hash = "sha256:f3a22400bce1b0c701683820ac4f3b159cd301acab067c51c653e06961600597", size = 21228, upload-time = "2025-11-21T20:35:49.444Z" },
]

[[package]]
name = "macholib"
version = "1.16.4"
source = { registry = "https://pypi.org/simple" }
dependencies = [
    { name = "altgraph" },
]
sdist = { url = "https://files.pythonhosted.org/packages/10/2f/97589876ea967487978071c9042518d28b958d87b17dceb7cdc1d881f963/macholib-1.16.4.tar.gz", hash = "sha256:f408c93ab2e995cd2c46e34fe328b130404be143469e41bc366c807448979362", size = 59427, upload-time = "2025-11-22T08:28:38.373Z" }
wheels = [
    { url = "https://files.pythonhosted.org/packages/c7/d1/a9f36f8ecdf0fb7c9b1e78c8d7af12b8c8754e74851ac7b94a8305540fc7/macholib-1.16.4-py2.py3-none-any.whl", hash = "sha256:da1a3fa8266e30f0ce7e97c6a54eefaae8edd1e5f86f3eb8b95457cae90265ea", size = 38117, upload-time = "2025-11-22T08:28:36.939Z" },
]

[[package]]
name = "packaging"
version = "26.0"
source = { registry = "https://pypi.org/simple" }
sdist = { url = "https://files.pythonhosted.org/packages/65/ee/299d360cdc32edc7d2cf530f3accf79c4fca01e96ffc950d8a52213bd8e4/packaging-26.0.tar.gz", hash = "sha256:00243ae351a257117b6a241061796684b084ed1c516a08c48a3f7e147a9d80b4", size = 143416, upload-time = "2026-01-21T20:50:39.064Z" }
wheels = [
    { url = "https://files.pythonhosted.org/packages/b7/b9/c538f279a4e237a006a2c98387d081e9eb060d203d8ed34467cc0f0b9b53/packaging-26.0-py3-none-any.whl", hash = "sha256:b36f1fef9334a5588b4166f8bcd26a14e521f2b55e6b9de3aaa80d3ff7a37529", size = 74366, upload-time = "2026-01-21T20:50:37.788Z" },
]

[[package]]
name = "pdf-mixer"
version = "0.1.0"
source = { virtual = "." }
dependencies = [
    { name = "pygobject" },
    { name = "pypdfium2" },
]

[package.dev-dependencies]
dev = [
    { name = "pygobject-stubs" },
    { name = "pyinstaller" },
]

[package.metadata]
requires-dist = [
    { name = "pygobject", specifier = ">=3.56.0" },
    { name = "pypdfium2", specifier = ">=5.5.0" },
]

[package.metadata.requires-dev]
dev = [
    { name = "pygobject-stubs", specifier = ">=2.16.0" },
    { name = "pyinstaller", specifier = ">=6.19.0" },
]

[[package]]
name = "pefile"
version = "2024.8.26"
source = { registry = "https://pypi.org/simple" }
sdist = { url = "https://files.pythonhosted.org/packages/03/4f/2750f7f6f025a1507cd3b7218691671eecfd0bbebebe8b39aa0fe1d360b8/pefile-2024.8.26.tar.gz", hash = "sha256:3ff6c5d8b43e8c37bb6e6dd5085658d658a7a0bdcd20b6a07b1fcfc1c4e9d632", size = 76008, upload-time = "2024-08-26T20:58:38.155Z" }
wheels = [
    { url = "https://files.pythonhosted.org/packages/54/16/12b82f791c7f50ddec566873d5bdd245baa1491bac11d15ffb98aecc8f8b/pefile-2024.8.26-py3-none-any.whl", hash = "sha256:76f8b485dcd3b1bb8166f1128d395fa3d87af26360c2358fb75b80019b957c6f", size = 74766, upload-time = "2024-08-26T21:01:02.632Z" },
]

[[package]]
name = "pycairo"
version = "1.29.0"
source = { registry = "https://pypi.org/simple" }
sdist = { url = "https://files.pythonhosted.org/packages/22/d9/1728840a22a4ef8a8f479b9156aa2943cd98c3907accd3849fb0d5f82bfd/pycairo-1.29.0.tar.gz", hash = "sha256:f3f7fde97325cae80224c09f12564ef58d0d0f655da0e3b040f5807bd5bd3142", size = 665871, upload-time = "2025-11-11T19:13:01.584Z" }
wheels = [
    { url = "https://files.pythonhosted.org/packages/2d/fa/87eaeeb9d53344c769839d7b2854db7ff2cd596211e00dd1b702eeb1838f/pycairo-1.29.0-cp314-cp314-win32.whl", hash = "sha256:69e2a7968a3fbb839736257bae153f547bca787113cc8d21e9e08ca4526e0b6b", size = 767198, upload-time = "2025-11-11T19:12:42.336Z" },
    { url = "https://files.pythonhosted.org/packages/3c/90/3564d0f64d0a00926ab863dc3c4a129b1065133128e96900772e1c4421f8/pycairo-1.29.0-cp314-cp314-win_amd64.whl", hash = "sha256:e91243437a21cc4c67c401eff4433eadc45745275fa3ade1a0d877e50ffb90da", size = 871579, upload-time = "2025-11-11T19:12:48.982Z" },
    { url = "https://files.pythonhosted.org/packages/5e/91/93632b6ba12ad69c61991e3208bde88486fdfc152be8cfdd13444e9bc650/pycairo-1.29.0-cp314-cp314-win_arm64.whl", hash = "sha256:b72200ea0e5f73ae4c788cd2028a750062221385eb0e6d8f1ecc714d0b4fdf82", size = 719537, upload-time = "2025-11-11T19:12:55.016Z" },
    { url = "https://files.pythonhosted.org/packages/93/23/37053c039f8d3b9b5017af9bc64d27b680c48a898d48b72e6d6583cf0155/pycairo-1.29.0-cp314-cp314t-win_amd64.whl", hash = "sha256:5e45fce6185f553e79e4ef1722b8e98e6cde9900dbc48cb2637a9ccba86f627a", size = 874015, upload-time = "2025-11-11T19:12:28.47Z" },
    { url = "https://files.pythonhosted.org/packages/d7/54/123f6239685f5f3f2edc123f1e38d2eefacebee18cf3c532d2f4bd51d0ef/pycairo-1.29.0-cp314-cp314t-win_arm64.whl", hash = "sha256:caba0837a4b40d47c8dfb0f24cccc12c7831e3dd450837f2a356c75f21ce5a15", size = 721404, upload-time = "2025-11-11T19:12:36.919Z" },
]

[[package]]
name = "pygobject"
version = "3.56.0"
source = { registry = "https://pypi.org/simple" }
dependencies = [
    { name = "pycairo" },
]
sdist = { url = "https://files.pythonhosted.org/packages/1f/86/b87f8d9ecb01effa2b17319b9b0a8852c29374ab7c5268a44597cb1605c7/pygobject-3.56.0.tar.gz", hash = "sha256:4fbb5bf47524e01026f8e309dd54233eb0f75f2281392c5bf0df5d9041cc7891", size = 1407051, upload-time = "2026-02-27T10:02:25.583Z" }

[[package]]
name = "pygobject-stubs"
version = "2.16.0"
source = { registry = "https://pypi.org/simple" }
dependencies = [
    { name = "typing-extensions" },
]
sdist = { url = "https://files.pythonhosted.org/packages/2d/1c/317ccaaa6a3ddce270652781cf09d3b1d5d343b1a1dabca304fe5c218474/pygobject_stubs-2.16.0.tar.gz", hash = "sha256:a97574616e92ef458605f9520d8d9db4c2a131affcd12fdd51db0b42395291e9", size = 934833, upload-time = "2025-12-08T20:33:33.876Z" }

[[package]]
name = "pyinstaller"
version = "6.19.0"
source = { registry = "https://pypi.org/simple" }
dependencies = [
    { name = "altgraph" },
    { name = "macholib", marker = "sys_platform == 'darwin'" },
    { name = "packaging" },
    { name = "pefile", marker = "sys_platform == 'win32'" },
    { name = "pyinstaller-hooks-contrib" },
    { name = "pywin32-ctypes", marker = "sys_platform == 'win32'" },
    { name = "setuptools" },
]
sdist = { url = "https://files.pythonhosted.org/packages/c8/63/fd62472b6371d89dc138d40c36d87a50dc2de18a035803bbdc376b4ffac4/pyinstaller-6.19.0.tar.gz", hash = "sha256:ec73aeb8bd9b7f2f1240d328a4542e90b3c6e6fbc106014778431c616592a865", size = 4036072, upload-time = "2026-02-14T18:06:28.718Z" }
wheels = [
    { url = "https://files.pythonhosted.org/packages/e3/eb/23374721fecfa72677e79800921cb6aceefa6ba48574dc404f3f6c6c3be7/pyinstaller-6.19.0-py3-none-macosx_10_13_universal2.whl", hash = "sha256:4190e76b74f0c4b5c5f11ac360928cd2e36ec8e3194d437bf6b8648c7bc0c134", size = 1040563, upload-time = "2026-02-14T18:05:22.436Z" },
    { url = "https://files.pythonhosted.org/packages/cd/7e/dfd724b0b533f5aaec0ee5df406fe2319987ed6964480a706f85478b12ea/pyinstaller-6.19.0-py3-none-manylinux2014_aarch64.whl", hash = "sha256:8bd68abd812d8a6ba33b9f1810e91fee0f325969733721b78151f0065319ca11", size = 735477, upload-time = "2026-02-14T18:05:27.143Z" },
    { url = "https://files.pythonhosted.org/packages/88/c9/ee3a4101c31f26344e66896c73c1fd6ed8282bf871473365b7f8674af406/pyinstaller-6.19.0-py3-none-manylinux2014_i686.whl", hash = "sha256:1ec54ef967996ca61dacba676227e2b23219878ccce5ee9d6f3aada7b8ed8abf", size = 747143, upload-time = "2026-02-14T18:05:31.488Z" },
    { url = "https://files.pythonhosted.org/packages/da/0a/fc77e9f861be8cf300ac37155f59cc92aff99b29f2ddd78546f563a5b5a6/pyinstaller-6.19.0-py3-none-manylinux2014_ppc64le.whl", hash = "sha256:4ab2bb52e58448e14ddf9450601bdedd66800465043501c1d8f1cab87b60b122", size = 744849, upload-time = "2026-02-14T18:05:35.492Z" },
    { url = "https://files.pythonhosted.org/packages/6d/e3/6872e020ee758afe0b821663858492c10745608b07150e5e2c824a5b3e1c/pyinstaller-6.19.0-py3-none-manylinux2014_s390x.whl", hash = "sha256:da6d5c6391ccefe73554b9fa29b86001c8e378e0f20c2a4004f836ba537eff63", size = 741590, upload-time = "2026-02-14T18:05:39.59Z" },
    { url = "https://files.pythonhosted.org/packages/53/60/b8db5f1a4b0fb228175f2ea0aa33f949adcc097fbe981cc524f9faf85777/pyinstaller-6.19.0-py3-none-manylinux2014_x86_64.whl", hash = "sha256:a0fc5f6b3c55aa54353f0c74ffa59b1115433c1850c6f655d62b461a2ed6cbbe", size = 741448, upload-time = "2026-02-14T18:05:45.636Z" },
    { url = "https://files.pythonhosted.org/packages/6f/4d/63b0600f2694e9141b83129fbc1c488ec84d5a0770b1448ec154dcd0fee9/pyinstaller-6.19.0-py3-none-musllinux_1_1_aarch64.whl", hash = "sha256:e649ba6bd1b0b89b210ad92adb5fbdc8a42dd2c5ca4f72ef3a0bfec83a424b83", size = 740613, upload-time = "2026-02-14T18:05:49.726Z" },
    { url = "https://files.pythonhosted.org/packages/01/d4/e812ad36178093a0e9fd4b8127577748dd85b0cb71de912229dca21fd741/pyinstaller-6.19.0-py3-none-musllinux_1_1_x86_64.whl", hash = "sha256:481a909c8e60c8692fc60fcb1344d984b44b943f8bc9682f2fcdae305ad297e6", size = 740350, upload-time = "2026-02-14T18:05:54.093Z" },
    { url = "https://files.pythonhosted.org/packages/52/03/b2c2ee41fb8e10fd2a45d21f5ec2ef25852cfb978dbf762972eed59e3d63/pyinstaller-6.19.0-py3-none-win32.whl", hash = "sha256:3c5c251054fe4cfaa04c34a363dcfbf811545438cb7198304cd444756bc2edd2", size = 1324317, upload-time = "2026-02-14T18:06:00.085Z" },
    { url = "https://files.pythonhosted.org/packages/9c/d3/6d5e62b8270e2b53a6065e281b3a7785079b00e9019c8019952828dd1669/pyinstaller-6.19.0-py3-none-win_amd64.whl", hash = "sha256:b5bb6536c6560330d364d91522250f254b107cf69129d9cbcd0e6727c570be33", size = 1384894, upload-time = "2026-02-14T18:06:06.425Z" },
    { url = "https://files.pythonhosted.org/packages/81/65/458cd523308a101a22fd2742893405030cc24994cc74b1b767cecf137160/pyinstaller-6.19.0-py3-none-win_arm64.whl", hash = "sha256:c2d5a539b0bfe6159d5522c8c70e1c0e487f22c2badae0f97d45246223b798ea", size = 1325374, upload-time = "2026-02-14T18:06:12.804Z" },
]

[[package]]
name = "pyinstaller-hooks-contrib"
version = "2026.2"
source = { registry = "https://pypi.org/simple" }
dependencies = [
    { name = "packaging" },
    { name = "setuptools" },
]
sdist = { url = "https://files.pythonhosted.org/packages/6b/90/f3b30d72b89ab5b8f3ef714db94d09c7c263cce6562b4c7c636d99630695/pyinstaller_hooks_contrib-2026.2.tar.gz", hash = "sha256:cbd1eb00b5d13301b1cce602e1fffb17f0c531c0391f0a87a383d376be68a186", size = 171884, upload-time = "2026-03-02T23:07:01.221Z" }
wheels = [
    { url = "https://files.pythonhosted.org/packages/34/3b/1efef5ff4d4d150f646b873e963437c0b800cb375a37df01fefab149f4d9/pyinstaller_hooks_contrib-2026.2-py3-none-any.whl", hash = "sha256:fc29f0481b58adf78ce9c1d9cf135fe96f38c708f74b2aa0670ef93e59578ab9", size = 453939, upload-time = "2026-03-02T23:06:59.469Z" },
]

[[package]]
name = "pypdfium2"
version = "5.5.0"
source = { registry = "https://pypi.org/simple" }
sdist = { url = "https://files.pythonhosted.org/packages/fb/f6/42f5f1b9beb7e036f5532832b9c590fd107c52a78f704302c03bc6793954/pypdfium2-5.5.0.tar.gz", hash = "sha256:3283c61f54c3c546d140da201ef48a51c18b0ad54293091a010029ac13ece23a", size = 270502, upload-time = "2026-02-18T23:22:37.643Z" }
wheels = [
    { url = "https://files.pythonhosted.org/packages/08/c0/cdddce35108c118cc110c1c2ed16de82d74d7646b9bcf98eae2fa440966b/pypdfium2-5.5.0-py3-none-android_23_arm64_v8a.whl", hash = "sha256:414f0b4aef7413e04df7355043fb752f2efb6f9777e04fd880d302612dacf89f", size = 2760984, upload-time = "2026-02-18T23:21:56.668Z" },
    { url = "https://files.pythonhosted.org/packages/d0/c7/23a6fbd6d23fd8dbe657696acd81fba858639ef221254ce05970152ad1d8/pypdfium2-5.5.0-py3-none-android_23_armeabi_v7a.whl", hash = "sha256:126ff8b131d12f16ce96b3e85b7f413e5073212be06b571f157fe11ad221c274", size = 2303146, upload-time = "2026-02-18T23:21:58.466Z" },
    { url = "https://files.pythonhosted.org/packages/bc/a9/379ec56c4481f39f0e37a7ce42f4844e6ddd7662571922e2b348105960ab/pypdfium2-5.5.0-py3-none-macosx_11_0_arm64.whl", hash = "sha256:0770bd3f0be5c68443fc4017e43b1b1fe8f36877481cab70fd29b68b2c362e1b", size = 2815036, upload-time = "2026-02-18T23:22:00.288Z" },
    { url = "https://files.pythonhosted.org/packages/91/a4/b0cc01aaae1fdf1ca4e080cc55bb432f5a2234f33209a602bc498a47850d/pypdfium2-5.5.0-py3-none-macosx_11_0_x86_64.whl", hash = "sha256:5ab41a3b9953d9be44be35c36a2340f1d67c602db98a0d6f70006610871ae43a", size = 2948686, upload-time = "2026-02-18T23:22:02.213Z" },
    { url = "https://files.pythonhosted.org/packages/26/99/25a0c71b551d100b505c618910afec0df402b230e087078c8078f8b1fcff/pypdfium2-5.5.0-py3-none-manylinux_2_17_aarch64.manylinux2014_aarch64.whl", hash = "sha256:2492a22c3126a004cee2fa208ea4aa03ede2c7e205d05814934ab18f83d073e9", size = 2977311, upload-time = "2026-02-18T23:22:03.603Z" },
    { url = "https://files.pythonhosted.org/packages/85/64/691e21539566f7a0521295948b5589d2fdfe3df5acab9c29ff410633a839/pypdfium2-5.5.0-py3-none-manylinux_2_17_armv7l.manylinux2014_armv7l.whl", hash = "sha256:83ff93e08b1fadb00040564e2eccc99147fc1a632ba5daff745126b373d78446", size = 2762449, upload-time = "2026-02-18T23:22:05.044Z" },
    { url = "https://files.pythonhosted.org/packages/74/b1/9af288557291e2964bf5ffd460b7ed1090fcb8c54addfd6c7c5deb9ba7c7/pypdfium2-5.5.0-py3-none-manylinux_2_17_i686.manylinux2014_i686.whl", hash = "sha256:b7e85de3332bedf8e5f157c248063b4eaf968660e1e490353b6e581d9f96a4c6", size = 3074851, upload-time = "2026-02-18T23:22:07.431Z" },
    { url = "https://files.pythonhosted.org/packages/a4/1e/c61fddbdea5ea1ba478dc7ecc9d68069d17b858e5fed04e4e071811f0858/pypdfium2-5.5.0-py3-none-manylinux_2_17_ppc64le.manylinux2014_ppc64le.whl", hash = "sha256:e258365f34b6e334bb415e44dd9b1ee78a6e525bf854a1e74af67af7ede7555b", size = 3423003, upload-time = "2026-02-18T23:22:09.749Z" },
    { url = "https://files.pythonhosted.org/packages/36/5f/d2eb58c54abba3a6c3bc4c297b3a11348dd4b4deb073f1aa8a872a298278/pypdfium2-5.5.0-py3-none-manylinux_2_17_x86_64.manylinux2014_x86_64.whl", hash = "sha256:bec21d833404ca771f02fa5cefb0b73e2148f05cbdb3b5b9989bdd51d9b5cbac", size = 3002104, upload-time = "2026-02-18T23:22:12.035Z" },
    { url = "https://files.pythonhosted.org/packages/1c/33/87423eec4f5d4287d5a1726dbb9f06fb1f1aebc38ff75dcff817c492769d/pypdfium2-5.5.0-py3-none-manylinux_2_27_s390x.manylinux_2_28_s390x.whl", hash = "sha256:1dd6ccbe1b5e2e778e8b021e47f9485b4fd42eaa6c9bdda2631641724e1fcc04", size = 3097209, upload-time = "2026-02-18T23:22:13.809Z" },
    { url = "https://files.pythonhosted.org/packages/97/0a/a3fd71f00838bba7922691107219bee67f50fbda6d12df330ef485a97848/pypdfium2-5.5.0-py3-none-manylinux_2_38_riscv64.manylinux_2_39_riscv64.whl", hash = "sha256:da3eada345570cec5e34872d1472d4ac542f0e650ccdb6c2eac08ae1a5f07c82", size = 2965027, upload-time = "2026-02-18T23:22:16.324Z" },
    { url = "https://files.pythonhosted.org/packages/75/4a/2181260bd8a0b1b30ac50b7fd6ee3366e04f3a9f1c29351d882652da7fa7/pypdfium2-5.5.0-py3-none-musllinux_1_2_aarch64.whl", hash = "sha256:a087fb4088c7433fd3d78833dbe42cfb66df3d5ac98e3edf66110520fb33c0f0", size = 4131431, upload-time = "2026-02-18T23:22:18.469Z" },
    { url = "https://files.pythonhosted.org/packages/15/bb/3ccf481191346eda11c0c208bd4e46f8de019ae7d9e9c1b660633f0bb3f4/pypdfium2-5.5.0-py3-none-musllinux_1_2_armv7l.whl", hash = "sha256:e6418cdc500ef85a90319f9bc7f1c54fc133460379f509429403225d8a4c157f", size = 3747468, upload-time = "2026-02-18T23:22:20.679Z" },
    { url = "https://files.pythonhosted.org/packages/15/51/17e50ec72cf2235ac18d9cbe907859501c769d3e964818fefac6a3e10727/pypdfium2-5.5.0-py3-none-musllinux_1_2_i686.whl", hash = "sha256:8f7b66eedfac26eb2df4b00936e081b0a1c76fb8ee1c12639d85c2e73b0769ef", size = 4337579, upload-time = "2026-02-18T23:22:23.245Z" },
    { url = "https://files.pythonhosted.org/packages/c6/e4/f9bdf06f4d3f1e56eff9d997392a00a4b66cbc9c20f33934c4edc2a7943f/pypdfium2-5.5.0-py3-none-musllinux_1_2_ppc64le.whl", hash = "sha256:faea3246591ce2ea6218cd06679071275e3c65f11c3f5c9091eb7fb07610af6a", size = 4376104, upload-time = "2026-02-18T23:22:25.337Z" },
    { url = "https://files.pythonhosted.org/packages/8c/20/06baf1f5d494e035f50fc895fa1da5ed652d03ecc59aeb3aabb0daa5adfc/pypdfium2-5.5.0-py3-none-musllinux_1_2_riscv64.whl", hash = "sha256:aba26d404b51a9de3d3e80c867a95c71abf1c79552001ae22707451e59186b3d", size = 3929824, upload-time = "2026-02-18T23:22:26.889Z" },
    { url = "https://files.pythonhosted.org/packages/3a/01/28940e54e6936674e9a05eb58ccce7c54d8e2ac81cd84ec0b76e7d32a010/pypdfium2-5.5.0-py3-none-musllinux_1_2_s390x.whl", hash = "sha256:e0fa8f81679e6e71f26806f4db853571ee6435dc3bde7a46acdd182ef886a5b9", size = 4270200, upload-time = "2026-02-18T23:22:28.668Z" },
    { url = "https://files.pythonhosted.org/packages/cb/d4/1f36c505a3770aad9a88c895a46d61fd4c0535f79548f02c93b97ff89604/pypdfium2-5.5.0-py3-none-musllinux_1_2_x86_64.whl", hash = "sha256:ee22df3376d350eeb64d2002a1071e3a02c0d874c557a3cd8229a8fc572cdaac", size = 4180794, upload-time = "2026-02-18T23:22:30.11Z" },
    { url = "https://files.pythonhosted.org/packages/ac/38/f77e7792b4fba37f0e3d78db52fb7288d41db3c46ed28906fb940bc3e325/pypdfium2-5.5.0-py3-none-win32.whl", hash = "sha256:ec62a00223d1222d2f35c0866dd79cdc24da070738544cdf51b17d332d4a7389", size = 3001772, upload-time = "2026-02-18T23:22:32.367Z" },
    { url = "https://files.pythonhosted.org/packages/3e/c5/0d7ba53148262f78d8eee528a504764f78ae7bebf434a53714294b1fd973/pypdfium2-5.5.0-py3-none-win_amd64.whl", hash = "sha256:15c32fbeebb5198afa785dd03e98906ebb4eded9ef8862e10f833c37b4a18786", size = 3107710, upload-time = "2026-02-18T23:22:33.925Z" },
    { url = "https://files.pythonhosted.org/packages/29/ad/fae449d2ed7b3088c6ab088f53fc6a9e9af26ccc9e0477d4182e373c4dd8/pypdfium2-5.5.0-py3-none-win_arm64.whl", hash = "sha256:f618af0884c16c768539c44933a255039131dbbf39d68eded020da4f14958d73", size = 2938315, upload-time = "2026-02-18T23:22:35.907Z" },
]

[[package]]
name = "pywin32-ctypes"
version = "0.2.3"
source = { registry = "https://pypi.org/simple" }
sdist = { url = "https://files.pythonhosted.org/packages/85/9f/01a1a99704853cb63f253eea009390c88e7131c67e66a0a02099a8c917cb/pywin32-ctypes-0.2.3.tar.gz", hash = "sha256:d162dc04946d704503b2edc4d55f3dba5c1d539ead017afa00142c38b9885755", size = 29471, upload-time = "2024-08-14T10:15:34.626Z" }
wheels = [
    { url = "https://files.pythonhosted.org/packages/de/3d/8161f7711c017e01ac9f008dfddd9410dff3674334c233bde66e7ba65bbf/pywin32_ctypes-0.2.3-py3-none-any.whl", hash = "sha256:8a1513379d709975552d202d942d9837758905c8d01eb82b8bcc30918929e7b8", size = 30756, upload-time = "2024-08-14T10:15:33.187Z" },
]

[[package]]
name = "setuptools"
version = "82.0.0"
source = { registry = "https://pypi.org/simple" }
sdist = { url = "https://files.pythonhosted.org/packages/82/f3/748f4d6f65d1756b9ae577f329c951cda23fb900e4de9f70900ced962085/setuptools-82.0.0.tar.gz", hash = "sha256:22e0a2d69474c6ae4feb01951cb69d515ed23728cf96d05513d36e42b62b37cb", size = 1144893, upload-time = "2026-02-08T15:08:40.206Z" }
wheels = [
    { url = "https://files.pythonhosted.org/packages/e1/c6/76dc613121b793286a3f91621d7b75a2b493e0390ddca50f11993eadf192/setuptools-82.0.0-py3-none-any.whl", hash = "sha256:70b18734b607bd1da571d097d236cfcfacaf01de45717d59e6e04b96877532e0", size = 1003468, upload-time = "2026-02-08T15:08:38.723Z" },
]

[[package]]
name = "typing-extensions"
version = "4.15.0"
source = { registry = "https://pypi.org/simple" }
sdist = { url = "https://files.pythonhosted.org/packages/72/94/1a15dd82efb362ac84269196e94cf00f187f7ed21c242792a923cdb1c61f/typing_extensions-4.15.0.tar.gz", hash = "sha256:0cea48d173cc12fa28ecabc3b837ea3cf6f38c6d1136f85cbaaf598984861466", size = 109391, upload-time = "2025-08-25T13:49:26.313Z" }
wheels = [
    { url = "https://files.pythonhosted.org/packages/18/67/36e9267722cc04a6b9f15c7f3441c2363321a3ea07da7ae0c0707beb2a9c/typing_extensions-4.15.0-py3-none-any.whl", hash = "sha256:f0fa19c6845758ab08074a0cfa8b7aecb71c999ca73d62883bc25cc018c4e548", size = 44614, upload-time = "2025-08-25T13:49:24.86Z" },
]
